// !$*UTF8*$!
{
	archiveVersion = 1;
	classes = {
	};
	objectVersion = 50;
	objects = {

/* Begin PBXBuildFile section */
		CC3B8AC725D6A3F500CC69AC /* AppDelegate.swift in Sources */ = {isa = PBXBuildFile; fileRef = CC3B8AC625D6A3F500CC69AC /* AppDelegate.swift */; };
		CC3B8AC925D6A3F500CC69AC /* SceneDelegate.swift in Sources */ = {isa = PBXBuildFile; fileRef = CC3B8AC825D6A3F500CC69AC /* SceneDelegate.swift */; };
		CC3B8ACB25D6A3F500CC69AC /* ViewController.swift in Sources */ = {isa = PBXBuildFile; fileRef = CC3B8ACA25D6A3F500CC69AC /* ViewController.swift */; };
		CC3B8ACE25D6A3F500CC69AC /* Main.storyboard in Resources */ = {isa = PBXBuildFile; fileRef = CC3B8ACC25D6A3F500CC69AC /* Main.storyboard */; };
		CC3B8AD025D6A3F700CC69AC /* Assets.xcassets in Resources */ = {isa = PBXBuildFile; fileRef = CC3B8ACF25D6A3F700CC69AC /* Assets.xcassets */; };
		CC3B8AD325D6A3F700CC69AC /* LaunchScreen.storyboard in Resources */ = {isa = PBXBuildFile; fileRef = CC3B8AD125D6A3F700CC69AC /* LaunchScreen.storyboard */; };
		DE17441ED3FF385870A13A42 /* Pods_CocoaPodsApp.framework in Frameworks */ = {isa = PBXBuildFile; fileRef = 5313416B776012C21AE49E77 /* Pods_CocoaPodsApp.framework */; };
/* End PBXBuildFile section */

/* Begin PBXFileReference section */
		5313416B776012C21AE49E77 /* Pods_CocoaPodsApp.framework */ = {isa = PBXFileReference; explicitFileType = wrapper.framework; includeInIndex = 0; path = Pods_CocoaPodsApp.framework; sourceTree = BUILT_PRODUCTS_DIR; };
		8A8DFCDB4956A1F212219390 /* Pods-CocoaPodsApp.debug.xcconfig */ = {isa = PBXFileReference; includeInIndex = 1; lastKnownFileType = text.xcconfig; name = "Pods-CocoaPodsApp.debug.xcconfig"; path = "Target Support Files/Pods-CocoaPodsApp/Pods-CocoaPodsApp.debug.xcconfig"; sourceTree = "<group>"; };
		B36084C1DFA696FE15A9AB30 /* Pods-CocoaPodsApp.release.xcconfig */ = {isa = PBXFileReference; includeInIndex = 1; lastKnownFileType = text.xcconfig; name = "Pods-CocoaPodsApp.release.xcconfig"; path = "Target Support Files/Pods-CocoaPodsApp/Pods-CocoaPodsApp.release.xcconfig"; sourceTree = "<group>"; };
		CC3B8AC325D6A3F500CC69AC /* CocoaPodsApp.app */ = {isa = PBXFileReference; explicitFileType = wrapper.application; includeInIndex = 0; path = CocoaPodsApp.app; sourceTree = BUILT_PRODUCTS_DIR; };
		CC3B8AC625D6A3F500CC69AC /* AppDelegate.swift */ = {isa = PBXFileReference; lastKnownFileType = sourcecode.swift; path = AppDelegate.swift; sourceTree = "<group>"; };
		CC3B8AC825D6A3F500CC69AC /* SceneDelegate.swift */ = {isa = PBXFileReference; lastKnownFileType = sourcecode.swift; path = SceneDelegate.swift; sourceTree = "<group>"; };
		CC3B8ACA25D6A3F500CC69AC /* ViewController.swift */ = {isa = PBXFileReference; lastKnownFileType = sourcecode.swift; path = ViewController.swift; sourceTree = "<group>"; };
		CC3B8ACD25D6A3F500CC69AC /* Base */ = {isa = PBXFileReference; lastKnownFileType = file.storyboard; name = Base; path = Base.lproj/Main.storyboard; sourceTree = "<group>"; };
		CC3B8ACF25D6A3F700CC69AC /* Assets.xcassets */ = {isa = PBXFileReference; lastKnownFileType = folder.assetcatalog; path = Assets.xcassets; sourceTree = "<group>"; };
		CC3B8AD225D6A3F700CC69AC /* Base */ = {isa = PBXFileReference; lastKnownFileType = file.storyboard; name = Base; path = Base.lproj/LaunchScreen.storyboard; sourceTree = "<group>"; };
		CC3B8AD425D6A3F700CC69AC /* Info.plist */ = {isa = PBXFileReference; lastKnownFileType = text.plist.xml; path = Info.plist; sourceTree = "<group>"; };
/* End PBXFileReference section */

/* Begin PBXFrameworksBuildPhase section */
		CC3B8AC025D6A3F500CC69AC /* Frameworks */ = {
			isa = PBXFrameworksBuildPhase;
			buildActionMask = 2147483647;
			files = (
				DE17441ED3FF385870A13A42 /* Pods_CocoaPodsApp.framework in Frameworks */,
			);
			runOnlyForDeploymentPostprocessing = 0;
		};
/* End PBXFrameworksBuildPhase section */

/* Begin PBXGroup section */
		C3BADA77DFC0AB143FC97753 /* Pods */ = {
			isa = PBXGroup;
			children = (
				8A8DFCDB4956A1F212219390 /* Pods-CocoaPodsApp.debug.xcconfig */,
				B36084C1DFA696FE15A9AB30 /* Pods-CocoaPodsApp.release.xcconfig */,
			);
			name = Pods;
			path = Pods;
			sourceTree = "<group>";
		};
		CC3B8ABA25D6A3F500CC69AC = {
			isa = PBXGroup;
			children = (
				CC3B8AC525D6A3F500CC69AC /* CocoaPodsApp */,
				CC3B8AC425D6A3F500CC69AC /* Products */,
				C3BADA77DFC0AB143FC97753 /* Pods */,
				E534BE22597B1082E884FA88 /* Frameworks */,
			);
			sourceTree = "<group>";
		};
		CC3B8AC425D6A3F500CC69AC /* Products */ = {
			isa = PBXGroup;
			children = (
				CC3B8AC325D6A3F500CC69AC /* CocoaPodsApp.app */,
			);
			name = Products;
			sourceTree = "<group>";
		};
		CC3B8AC525D6A3F500CC69AC /* CocoaPodsApp */ = {
			isa = PBXGroup;
			children = (
				CC3B8AC625D6A3F500CC69AC /* AppDelegate.swift */,
				CC3B8AC825D6A3F500CC69AC /* SceneDelegate.swift */,
				CC3B8ACA25D6A3F500CC69AC /* ViewController.swift */,
				CC3B8ACC25D6A3F500CC69AC /* Main.storyboard */,
				CC3B8ACF25D6A3F700CC69AC /* Assets.xcassets */,
				CC3B8AD125D6A3F700CC69AC /* LaunchScreen.storyboard */,
				CC3B8AD425D6A3F700CC69AC /* Info.plist */,
			);
			path = CocoaPodsApp;
			sourceTree = "<group>";
		};
		E534BE22597B1082E884FA88 /* Frameworks */ = {
			isa = PBXGroup;
			children = (
				5313416B776012C21AE49E77 /* Pods_CocoaPodsApp.framework */,
			);
			name = Frameworks;
			sourceTree = "<group>";
		};
/* End PBXGroup section */

/* Begin PBXNativeTarget section */
		CC3B8AC225D6A3F500CC69AC /* CocoaPodsApp */ = {
			isa = PBXNativeTarget;
			buildConfigurationList = CC3B8AD725D6A3F700CC69AC /* Build configuration list for PBXNativeTarget "CocoaPodsApp" */;
			buildPhases = (
				5A299F84156B2B6C1727B155 /* [CP] Check Pods Manifest.lock */,
				CC3B8ABF25D6A3F500CC69AC /* Sources */,
				CC3B8AC025D6A3F500CC69AC /* Frameworks */,
				CC3B8AC125D6A3F500CC69AC /* Resources */,
				3A2CCD16DA1CED4F5AF7ECAA /* [CP] Embed Pods Frameworks */,
			);
			buildRules = (
			);
			dependencies = (
			);
			name = CocoaPodsApp;
			productName = CocoaPodsApp;
			productReference = CC3B8AC325D6A3F500CC69AC /* CocoaPodsApp.app */;
			productType = "com.apple.product-type.application";
		};
/* End PBXNativeTarget section */

/* Begin PBXProject section */
		CC3B8ABB25D6A3F500CC69AC /* Project object */ = {
			isa = PBXProject;
			attributes = {
				LastSwiftUpdateCheck = 1230;
				LastUpgradeCheck = 1230;
				TargetAttributes = {
					CC3B8AC225D6A3F500CC69AC = {
						CreatedOnToolsVersion = 12.3;
					};
				};
			};
			buildConfigurationList = CC3B8ABE25D6A3F500CC69AC /* Build configuration list for PBXProject "CocoaPodsApp" */;
			compatibilityVersion = "Xcode 9.3";
			developmentRegion = en;
			hasScannedForEncodings = 0;
			knownRegions = (
				en,
				Base,
			);
			mainGroup = CC3B8ABA25D6A3F500CC69AC;
			productRefGroup = CC3B8AC425D6A3F500CC69AC /* Products */;
			projectDirPath = "";
			projectRoot = "";
			targets = (
				CC3B8AC225D6A3F500CC69AC /* CocoaPodsApp */,
			);
		};
/* End PBXProject section */

/* Begin PBXResourcesBuildPhase section */
		CC3B8AC125D6A3F500CC69AC /* Resources */ = {
			isa = PBXResourcesBuildPhase;
			buildActionMask = 2147483647;
			files = (
				CC3B8AD325D6A3F700CC69AC /* LaunchScreen.storyboard in Resources */,
				CC3B8AD025D6A3F700CC69AC /* Assets.xcassets in Resources */,
				CC3B8ACE25D6A3F500CC69AC /* Main.storyboard in Resources */,
			);
			runOnlyForDeploymentPostprocessing = 0;
		};
/* End PBXResourcesBuildPhase section */

/* Begin PBXShellScriptBuildPhase section */
		3A2CCD16DA1CED4F5AF7ECAA /* [CP] Embed Pods Frameworks */ = {
			isa = PBXShellScriptBuildPhase;
			buildActionMask = 2147483647;
			files = (
			);
			inputFileListPaths = (
				"${PODS_ROOT}/Target Support Files/Pods-CocoaPodsApp/Pods-CocoaPodsApp-frameworks-${CONFIGURATION}-input-files.xcfilelist",
			);
			name = "[CP] Embed Pods Frameworks";
			outputFileListPaths = (
				"${PODS_ROOT}/Target Support Files/Pods-CocoaPodsApp/Pods-CocoaPodsApp-frameworks-${CONFIGURATION}-output-files.xcfilelist",
			);
			runOnlyForDeploymentPostprocessing = 0;
			shellPath = /bin/sh;
			shellScript = "\"${PODS_ROOT}/Target Support Files/Pods-CocoaPodsApp/Pods-CocoaPodsApp-frameworks.sh\"\n";
			showEnvVarsInLog = 0;
		};
		5A299F84156B2B6C1727B155 /* [CP] Check Pods Manifest.lock */ = {
			isa = PBXShellScriptBuildPhase;
			buildActionMask = 2147483647;
			files = (
			);
			inputFileListPaths = (
			);
			inputPaths = (
				"${PODS_PODFILE_DIR_PATH}/Podfile.lock",
				"${PODS_ROOT}/Manifest.lock",
			);
			name = "[CP] Check Pods Manifest.lock";
			outputFileListPaths = (
			);
			outputPaths = (
				"$(DERIVED_FILE_DIR)/Pods-CocoaPodsApp-checkManifestLockResult.txt",
			);
			runOnlyForDeploymentPostprocessing = 0;
			shellPath = /bin/sh;
			shellScript = "diff \"${PODS_PODFILE_DIR_PATH}/Podfile.lock\" \"${PODS_ROOT}/Manifest.lock\" > /dev/null\nif [ $? != 0 ] ; then\n    # print error to STDERR\n    echo \"error: The sandbox is not in sync with the Podfile.lock. Run 'pod install' or update your CocoaPods installation.\" >&2\n    exit 1\nfi\n# This output is used by Xcode 'outputs' to avoid re-running this script phase.\necho \"SUCCESS\" > \"${SCRIPT_OUTPUT_FILE_0}\"\n";
			showEnvVarsInLog = 0;
		};
/* End PBXShellScriptBuildPhase section */

/* Begin PBXSourcesBuildPhase section */
		CC3B8ABF25D6A3F500CC69AC /* Sources */ = {
			isa = PBXSourcesBuildPhase;
			buildActionMask = 2147483647;
			files = (
				CC3B8ACB25D6A3F500CC69AC /* ViewController.swift in Sources */,
				CC3B8AC725D6A3F500CC69AC /* AppDelegate.swift in Sources */,
				CC3B8AC925D6A3F500CC69AC /* SceneDelegate.swift in Sources */,
			);
			runOnlyForDeploymentPostprocessing = 0;
		};
/* End PBXSourcesBuildPhase section */

/* Begin PBXVariantGroup section */
		CC3B8ACC25D6A3F500CC69AC /* Main.storyboard */ = {
			isa = PBXVariantGroup;
			children = (
				CC3B8ACD25D6A3F500CC69AC /* Base */,
			);
			name = Main.storyboard;
			sourceTree = "<group>";
		};
		CC3B8AD125D6A3F700CC69AC /* LaunchScreen.storyboard */ = {
			isa = PBXVariantGroup;
			children = (
				CC3B8AD225D6A3F700CC69AC /* Base */,
			);
			name = LaunchScreen.storyboard;
			sourceTree = "<group>";
		};
/* End PBXVariantGroup section */

/* Begin XCBuildConfiguration section */
		CC3B8AD525D6A3F700CC69AC /* Debug */ = {
			isa = XCBuildConfiguration;
			buildSettings = {
				ALWAYS_SEARCH_USER_PATHS = NO;
				CLANG_ANALYZER_NONNULL = YES;
				CLANG_ANALYZER_NUMBER_OBJECT_CONVERSION = YES_AGGRESSIVE;
				CLANG_CXX_LANGUAGE_STANDARD = "gnu++14";
				CLANG_CXX_LIBRARY = "libc++";
				CLANG_ENABLE_MODULES = YES;
				CLANG_ENABLE_OBJC_ARC = YES;
				CLANG_ENABLE_OBJC_WEAK = YES;
				CLANG_WARN_BLOCK_CAPTURE_AUTORELEASING = YES;
				CLANG_WARN_BOOL_CONVERSION = YES;
				CLANG_WARN_COMMA = YES;
				CLANG_WARN_CONSTANT_CONVERSION = YES;
				CLANG_WARN_DEPRECATED_OBJC_IMPLEMENTATIONS = YES;
				CLANG_WARN_DIRECT_OBJC_ISA_USAGE = YES_ERROR;
				CLANG_WARN_DOCUMENTATION_COMMENTS = YES;
				CLANG_WARN_EMPTY_BODY = YES;
				CLANG_WARN_ENUM_CONVERSION = YES;
				CLANG_WARN_INFINITE_RECURSION = YES;
				CLANG_WARN_INT_CONVERSION = YES;
				CLANG_WARN_NON_LITERAL_NULL_CONVERSION = YES;
				CLANG_WARN_OBJC_IMPLICIT_RETAIN_SELF = YES;
				CLANG_WARN_OBJC_LITERAL_CONVERSION = YES;
				CLANG_WARN_OBJC_ROOT_CLASS = YES_ERROR;
				CLANG_WARN_QUOTED_INCLUDE_IN_FRAMEWORK_HEADER = YES;
				CLANG_WARN_RANGE_LOOP_ANALYSIS = YES;
				CLANG_WARN_STRICT_PROTOTYPES = YES;
				CLANG_WARN_SUSPICIOUS_MOVE = YES;
				CLANG_WARN_UNGUARDED_AVAILABILITY = YES_AGGRESSIVE;
				CLANG_WARN_UNREACHABLE_CODE = YES;
				CLANG_WARN__DUPLICATE_METHOD_MATCH = YES;
				COPY_PHASE_STRIP = NO;
				DEBUG_INFORMATION_FORMAT = dwarf;
				ENABLE_STRICT_OBJC_MSGSEND = YES;
				ENABLE_TESTABILITY = YES;
				GCC_C_LANGUAGE_STANDARD = gnu11;
				GCC_DYNAMIC_NO_PIC = NO;
				GCC_NO_COMMON_BLOCKS = YES;
				GCC_OPTIMIZATION_LEVEL = 0;
				GCC_PREPROCESSOR_DEFINITIONS = (
					"DEBUG=1",
					"$(inherited)",
				);
				GCC_WARN_64_TO_32_BIT_CONVERSION = YES;
				GCC_WARN_ABOUT_RETURN_TYPE = YES_ERROR;
				GCC_WARN_UNDECLARED_SELECTOR = YES;
				GCC_WARN_UNINITIALIZED_AUTOS = YES_AGGRESSIVE;
				GCC_WARN_UNUSED_FUNCTION = YES;
				GCC_WARN_UNUSED_VARIABLE = YES;
				IPHONEOS_DEPLOYMENT_TARGET = 14.3;
				MTL_ENABLE_DEBUG_INFO = INCLUDE_SOURCE;
				MTL_FAST_MATH = YES;
				ONLY_ACTIVE_ARCH = YES;
				SDKROOT = iphoneos;
				SWIFT_ACTIVE_COMPILATION_CONDITIONS = DEBUG;
				SWIFT_OPTIMIZATION_LEVEL = "-Onone";
			};
			name = Debug;
		};
		CC3B8AD625D6A3F700CC69AC /* Release */ = {
			isa = XCBuildConfiguration;
			buildSettings = {
				ALWAYS_SEARCH_USER_PATHS = NO;
				CLANG_ANALYZER_NONNULL = YES;
				CLANG_ANALYZER_NUMBER_OBJECT_CONVERSION = YES_AGGRESSIVE;
				CLANG_CXX_LANGUAGE_STANDARD = "gnu++14";
				CLANG_CXX_LIBRARY = "libc++";
				CLANG_ENABLE_MODULES = YES;
				CLANG_ENABLE_OBJC_ARC = YES;
				CLANG_ENABLE_OBJC_WEAK = YES;
				CLANG_WARN_BLOCK_CAPTURE_AUTORELEASING = YES;
				CLANG_WARN_BOOL_CONVERSION = YES;
				CLANG_WARN_COMMA = YES;
				CLANG_WARN_CONSTANT_CONVERSION = YES;
				CLANG_WARN_DEPRECATED_OBJC_IMPLEMENTATIONS = YES;
				CLANG_WARN_DIRECT_OBJC_ISA_USAGE = YES_ERROR;
				CLANG_WARN_DOCUMENTATION_COMMENTS = YES;
				CLANG_WARN_EMPTY_BODY = YES;
				CLANG_WARN_ENUM_CONVERSION = YES;
				CLANG_WARN_INFINITE_RECURSION = YES;
				CLANG_WARN_INT_CONVERSION = YES;
				CLANG_WARN_NON_LITERAL_NULL_CONVERSION = YES;
				CLANG_WARN_OBJC_IMPLICIT_RETAIN_SELF = YES;
				CLANG_WARN_OBJC_LITERAL_CONVERSION = YES;
				CLANG_WARN_OBJC_ROOT_CLASS = YES_ERROR;
				CLANG_WARN_QUOTED_INCLUDE_IN_FRAMEWORK_HEADER = YES;
				CLANG_WARN_RANGE_LOOP_ANALYSIS = YES;
				CLANG_WARN_STRICT_PROTOTYPES = YES;
				CLANG_WARN_SUSPICIOUS_MOVE = YES;
				CLANG_WARN_UNGUARDED_AVAILABILITY = YES_AGGRESSIVE;
				CLANG_WARN_UNREACHABLE_CODE = YES;
				CLANG_WARN__DUPLICATE_METHOD_MATCH = YES;
				COPY_PHASE_STRIP = NO;
				DEBUG_INFORMATION_FORMAT = "dwarf-with-dsym";
				ENABLE_NS_ASSERTIONS = NO;
				ENABLE_STRICT_OBJC_MSGSEND = YES;
				GCC_C_LANGUAGE_STANDARD = gnu11;
				GCC_NO_COMMON_BLOCKS = YES;
				GCC_WARN_64_TO_32_BIT_CONVERSION = YES;
				GCC_WARN_ABOUT_RETURN_TYPE = YES_ERROR;
				GCC_WARN_UNDECLARED_SELECTOR = YES;
				GCC_WARN_UNINITIALIZED_AUTOS = YES_AGGRESSIVE;
				GCC_WARN_UNUSED_FUNCTION = YES;
				GCC_WARN_UNUSED_VARIABLE = YES;
				IPHONEOS_DEPLOYMENT_TARGET = 14.3;
				MTL_ENABLE_DEBUG_INFO = NO;
				MTL_FAST_MATH = YES;
				SDKROOT = iphoneos;
				SWIFT_COMPILATION_MODE = wholemodule;
				SWIFT_OPTIMIZATION_LEVEL = "-O";
				VALIDATE_PRODUCT = YES;
			};
			name = Release;
		};
		CC3B8AD825D6A3F700CC69AC /* Debug */ = {
			isa = XCBuildConfiguration;
			baseConfigurationReference = 8A8DFCDB4956A1F212219390 /* Pods-CocoaPodsApp.debug.xcconfig */;
			buildSettings = {
				ASSETCATALOG_COMPILER_APPICON_NAME = AppIcon;
				ASSETCATALOG_COMPILER_GLOBAL_ACCENT_COLOR_NAME = AccentColor;
				CODE_SIGN_STYLE = Automatic;
				INFOPLIST_FILE = CocoaPodsApp/Info.plist;
				LD_RUNPATH_SEARCH_PATHS = (
					"$(inherited)",
					"@executable_path/Frameworks",
				);
				PRODUCT_BUNDLE_IDENTIFIER = app.yahata.chile.CocoaPodsApp;
				PRODUCT_NAME = "$(TARGET_NAME)";
				SWIFT_VERSION = 5.0;
				TARGETED_DEVICE_FAMILY = "1,2";
			};
			name = Debug;
		};
		CC3B8AD925D6A3F700CC69AC /* Release */ = {
			isa = XCBuildConfiguration;
			baseConfigurationReference = B36084C1DFA696FE15A9AB30 /* Pods-CocoaPodsApp.release.xcconfig */;
			buildSettings = {
				ASSETCATALOG_COMPILER_APPICON_NAME = AppIcon;
				ASSETCATALOG_COMPILER_GLOBAL_ACCENT_COLOR_NAME = AccentColor;
				CODE_SIGN_STYLE = Automatic;
				INFOPLIST_FILE = CocoaPodsApp/Info.plist;
				LD_RUNPATH_SEARCH_PATHS = (
					"$(inherited)",
					"@executable_path/Frameworks",
				);
				PRODUCT_BUNDLE_IDENTIFIER = app.yahata.chile.CocoaPodsApp;
				PRODUCT_NAME = "$(TARGET_NAME)";
				SWIFT_VERSION = 5.0;
				TARGETED_DEVICE_FAMILY = "1,2";
			};
			name = Release;
		};
/* End XCBuildConfiguration section */

/* Begin XCConfigurationList section */
		CC3B8ABE25D6A3F500CC69AC /* Build configuration list for PBXProject "CocoaPodsApp" */ = {
			isa = XCConfigurationList;
			buildConfigurations = (
				CC3B8AD525D6A3F700CC69AC /* Debug */,
				CC3B8AD625D6A3F700CC69AC /* Release */,
			);
			defaultConfigurationIsVisible = 0;
			defaultConfigurationName = Release;
		};
		CC3B8AD725D6A3F700CC69AC /* Build configuration list for PBXNativeTarget "CocoaPodsApp" */ = {
			isa = XCConfigurationList;
			buildConfigurations = (
				CC3B8AD825D6A3F700CC69AC /* Debug */,
				CC3B8AD925D6A3F700CC69AC /* Release */,
			);
			defaultConfigurationIsVisible = 0;
			defaultConfigurationName = Release;
		};
/* End XCConfigurationList section */
	};
	rootObject = CC3B8ABB25D6A3F500CC69AC /* Project object */;
}
